// !$*UTF8*$!
{
	archiveVersion = 1;
	classes = {
	};
	objectVersion = 56;
	objects = {

/* Begin PBXBuildFile section */
		7553F62929B8CCC300902206 /* EncyclopedieApp.swift in Sources */ = {isa = PBXBuildFile; fileRef = 7553F62829B8CCC300902206 /* EncyclopedieApp.swift */; };
		7553F62B29B8CCC300902206 /* ContentView.swift in Sources */ = {isa = PBXBuildFile; fileRef = 7553F62A29B8CCC300902206 /* ContentView.swift */; };
		7553F62D29B8CCC400902206 /* Assets.xcassets in Resources */ = {isa = PBXBuildFile; fileRef = 7553F62C29B8CCC400902206 /* Assets.xcassets */; };
		7553F63029B8CCC400902206 /* Preview Assets.xcassets in Resources */ = {isa = PBXBuildFile; fileRef = 7553F62F29B8CCC400902206 /* Preview Assets.xcassets */; };
		7553F63729B8CCDB00902206 /* Article.swift in Sources */ = {isa = PBXBuildFile; fileRef = 7553F63629B8CCDB00902206 /* Article.swift */; };
		7553F63929B8CCEC00902206 /* ArticleViewModel.swift in Sources */ = {isa = PBXBuildFile; fileRef = 7553F63829B8CCEC00902206 /* ArticleViewModel.swift */; };
		7553F63B29B8CD0100902206 /* ArticleListView.swift in Sources */ = {isa = PBXBuildFile; fileRef = 7553F63A29B8CD0100902206 /* ArticleListView.swift */; };
		7553F63D29B8CD1800902206 /* ArticleDetailView.swift in Sources */ = {isa = PBXBuildFile; fileRef = 7553F63C29B8CD1800902206 /* ArticleDetailView.swift */; };
		75FD0F7829CD9F24007768AA /* WikipediaListView.swift in Sources */ = {isa = PBXBuildFile; fileRef = 75FD0F7729CD9F24007768AA /* WikipediaListView.swift */; };
		75FD0F7A29CD9FC4007768AA /* WikiViewModel.swift in Sources */ = {isa = PBXBuildFile; fileRef = 75FD0F7929CD9FC4007768AA /* WikiViewModel.swift */; };
		75FD0F7C29CDA019007768AA /* Wiki.swift in Sources */ = {isa = PBXBuildFile; fileRef = 75FD0F7B29CDA019007768AA /* Wiki.swift */; };
		75FD0F7E29CE0126007768AA /* WikiDetailView.swift in Sources */ = {isa = PBXBuildFile; fileRef = 75FD0F7D29CE0126007768AA /* WikiDetailView.swift */; };
/* End PBXBuildFile section */

/* Begin PBXFileReference section */
		7553F62529B8CCC300902206 /* Encyclopedie.app */ = {isa = PBXFileReference; explicitFileType = wrapper.application; includeInIndex = 0; path = Encyclopedie.app; sourceTree = BUILT_PRODUCTS_DIR; };
		7553F62829B8CCC300902206 /* EncyclopedieApp.swift */ = {isa = PBXFileReference; lastKnownFileType = sourcecode.swift; path = EncyclopedieApp.swift; sourceTree = "<group>"; };
		7553F62A29B8CCC300902206 /* ContentView.swift */ = {isa = PBXFileReference; lastKnownFileType = sourcecode.swift; path = ContentView.swift; sourceTree = "<group>"; };
		7553F62C29B8CCC400902206 /* Assets.xcassets */ = {isa = PBXFileReference; lastKnownFileType = folder.assetcatalog; path = Assets.xcassets; sourceTree = "<group>"; };
		7553F62F29B8CCC400902206 /* Preview Assets.xcassets */ = {isa = PBXFileReference; lastKnownFileType = folder.assetcatalog; path = "Preview Assets.xcassets"; sourceTree = "<group>"; };
		7553F63629B8CCDB00902206 /* Article.swift */ = {isa = PBXFileReference; lastKnownFileType = sourcecode.swift; path = Article.swift; sourceTree = "<group>"; };
		7553F63829B8CCEC00902206 /* ArticleViewModel.swift */ = {isa = PBXFileReference; lastKnownFileType = sourcecode.swift; path = ArticleViewModel.swift; sourceTree = "<group>"; };
		7553F63A29B8CD0100902206 /* ArticleListView.swift */ = {isa = PBXFileReference; lastKnownFileType = sourcecode.swift; path = ArticleListView.swift; sourceTree = "<group>"; };
		7553F63C29B8CD1800902206 /* ArticleDetailView.swift */ = {isa = PBXFileReference; lastKnownFileType = sourcecode.swift; path = ArticleDetailView.swift; sourceTree = "<group>"; };
		75FD0F7729CD9F24007768AA /* WikipediaListView.swift */ = {isa = PBXFileReference; lastKnownFileType = sourcecode.swift; path = WikipediaListView.swift; sourceTree = "<group>"; };
		75FD0F7929CD9FC4007768AA /* WikiViewModel.swift */ = {isa = PBXFileReference; lastKnownFileType = sourcecode.swift; path = WikiViewModel.swift; sourceTree = "<group>"; };
		75FD0F7B29CDA019007768AA /* Wiki.swift */ = {isa = PBXFileReference; lastKnownFileType = sourcecode.swift; path = Wiki.swift; sourceTree = "<group>"; };
		75FD0F7D29CE0126007768AA /* WikiDetailView.swift */ = {isa = PBXFileReference; lastKnownFileType = sourcecode.swift; path = WikiDetailView.swift; sourceTree = "<group>"; };
/* End PBXFileReference section */

/* Begin PBXFrameworksBuildPhase section */
		7553F62229B8CCC300902206 /* Frameworks */ = {
			isa = PBXFrameworksBuildPhase;
			buildActionMask = 2147483647;
			files = (
			);
			runOnlyForDeploymentPostprocessing = 0;
		};
/* End PBXFrameworksBuildPhase section */

/* Begin PBXGroup section */
		7553F61C29B8CCC300902206 = {
			isa = PBXGroup;
			children = (
				7553F62729B8CCC300902206 /* Encyclopedie */,
				7553F62629B8CCC300902206 /* Products */,
			);
			sourceTree = "<group>";
		};
		7553F62629B8CCC300902206 /* Products */ = {
			isa = PBXGroup;
			children = (
				7553F62529B8CCC300902206 /* Encyclopedie.app */,
			);
			name = Products;
			sourceTree = "<group>";
		};
		7553F62729B8CCC300902206 /* Encyclopedie */ = {
			isa = PBXGroup;
			children = (
				7553F62829B8CCC300902206 /* EncyclopedieApp.swift */,
				75FD0F7629CD92C5007768AA /* View */,
				75FD0F7529CD92BB007768AA /* ViewModel */,
				75FD0F7429CD92B3007768AA /* Model */,
				7553F62C29B8CCC400902206 /* Assets.xcassets */,
				7553F62E29B8CCC400902206 /* Preview Content */,
			);
			path = Encyclopedie;
			sourceTree = "<group>";
		};
		7553F62E29B8CCC400902206 /* Preview Content */ = {
			isa = PBXGroup;
			children = (
				7553F62F29B8CCC400902206 /* Preview Assets.xcassets */,
			);
			path = "Preview Content";
			sourceTree = "<group>";
		};
		75FD0F7429CD92B3007768AA /* Model */ = {
			isa = PBXGroup;
			children = (
				7553F63629B8CCDB00902206 /* Article.swift */,
				75FD0F7B29CDA019007768AA /* Wiki.swift */,
			);
			path = Model;
			sourceTree = "<group>";
		};
		75FD0F7529CD92BB007768AA /* ViewModel */ = {
			isa = PBXGroup;
			children = (
				7553F63829B8CCEC00902206 /* ArticleViewModel.swift */,
				75FD0F7929CD9FC4007768AA /* WikiViewModel.swift */,
			);
			path = ViewModel;
			sourceTree = "<group>";
		};
		75FD0F7629CD92C5007768AA /* View */ = {
			isa = PBXGroup;
			children = (
				7553F62A29B8CCC300902206 /* ContentView.swift */,
				7553F63A29B8CD0100902206 /* ArticleListView.swift */,
				7553F63C29B8CD1800902206 /* ArticleDetailView.swift */,
				75FD0F7729CD9F24007768AA /* WikipediaListView.swift */,
				75FD0F7D29CE0126007768AA /* WikiDetailView.swift */,
			);
			path = View;
			sourceTree = "<group>";
		};
/* End PBXGroup section */

/* Begin PBXNativeTarget section */
		7553F62429B8CCC300902206 /* Encyclopedie */ = {
			isa = PBXNativeTarget;
			buildConfigurationList = 7553F63329B8CCC400902206 /* Build configuration list for PBXNativeTarget "Encyclopedie" */;
			buildPhases = (
				7553F62129B8CCC300902206 /* Sources */,
				7553F62229B8CCC300902206 /* Frameworks */,
				7553F62329B8CCC300902206 /* Resources */,
			);
			buildRules = (
			);
			dependencies = (
			);
			name = Encyclopedie;
			productName = Encyclopedie;
			productReference = 7553F62529B8CCC300902206 /* Encyclopedie.app */;
			productType = "com.apple.product-type.application";
		};
/* End PBXNativeTarget section */

/* Begin PBXProject section */
		7553F61D29B8CCC300902206 /* Project object */ = {
			isa = PBXProject;
			attributes = {
				BuildIndependentTargetsInParallel = 1;
				LastSwiftUpdateCheck = 1420;
				LastUpgradeCheck = 1420;
				TargetAttributes = {
					7553F62429B8CCC300902206 = {
						CreatedOnToolsVersion = 14.2;
					};
				};
			};
			buildConfigurationList = 7553F62029B8CCC300902206 /* Build configuration list for PBXProject "Encyclopedie" */;
			compatibilityVersion = "Xcode 14.0";
			developmentRegion = en;
			hasScannedForEncodings = 0;
			knownRegions = (
				en,
				Base,
			);
			mainGroup = 7553F61C29B8CCC300902206;
			productRefGroup = 7553F62629B8CCC300902206 /* Products */;
			projectDirPath = "";
			projectRoot = "";
			targets = (
				7553F62429B8CCC300902206 /* Encyclopedie */,
			);
		};
/* End PBXProject section */

/* Begin PBXResourcesBuildPhase section */
		7553F62329B8CCC300902206 /* Resources */ = {
			isa = PBXResourcesBuildPhase;
			buildActionMask = 2147483647;
			files = (
				7553F63029B8CCC400902206 /* Preview Assets.xcassets in Resources */,
				7553F62D29B8CCC400902206 /* Assets.xcassets in Resources */,
			);
			runOnlyForDeploymentPostprocessing = 0;
		};
/* End PBXResourcesBuildPhase section */

/* Begin PBXSourcesBuildPhase section */
		7553F62129B8CCC300902206 /* Sources */ = {
			isa = PBXSourcesBuildPhase;
			buildActionMask = 2147483647;
			files = (
				7553F63D29B8CD1800902206 /* ArticleDetailView.swift in Sources */,
				7553F62B29B8CCC300902206 /* ContentView.swift in Sources */,
				75FD0F7C29CDA019007768AA /* Wiki.swift in Sources */,
				75FD0F7E29CE0126007768AA /* WikiDetailView.swift in Sources */,
				7553F63B29B8CD0100902206 /* ArticleListView.swift in Sources */,
				75FD0F7829CD9F24007768AA /* WikipediaListView.swift in Sources */,
				7553F63929B8CCEC00902206 /* ArticleViewModel.swift in Sources */,
				7553F62929B8CCC300902206 /* EncyclopedieApp.swift in Sources */,
				75FD0F7A29CD9FC4007768AA /* WikiViewModel.swift in Sources */,
				7553F63729B8CCDB00902206 /* Article.swift in Sources */,
			);
			runOnlyForDeploymentPostprocessing = 0;
		};
/* End PBXSourcesBuildPhase section */

/* Begin XCBuildConfiguration section */
		7553F63129B8CCC400902206 /* Debug */ = {
			isa = XCBuildConfiguration;
			buildSettings = {
				ALWAYS_SEARCH_USER_PATHS = NO;
				CLANG_ANALYZER_NONNULL = YES;
				CLANG_ANALYZER_NUMBER_OBJECT_CONVERSION = YES_AGGRESSIVE;
				CLANG_CXX_LANGUAGE_STANDARD = "gnu++20";
				CLANG_ENABLE_MODULES = YES;
				CLANG_ENABLE_OBJC_ARC = YES;
				CLANG_ENABLE_OBJC_WEAK = YES;
				CLANG_WARN_BLOCK_CAPTURE_AUTORELEASING = YES;
				CLANG_WARN_BOOL_CONVERSION = YES;
				CLANG_WARN_COMMA = YES;
				CLANG_WARN_CONSTANT_CONVERSION = YES;
				CLANG_WARN_DEPRECATED_OBJC_IMPLEMENTATIONS = YES;
				CLANG_WARN_DIRECT_OBJC_ISA_USAGE = YES_ERROR;
				CLANG_WARN_DOCUMENTATION_COMMENTS = YES;
				CLANG_WARN_EMPTY_BODY = YES;
				CLANG_WARN_ENUM_CONVERSION = YES;
				CLANG_WARN_INFINITE_RECURSION = YES;
				CLANG_WARN_INT_CONVERSION = YES;
				CLANG_WARN_NON_LITERAL_NULL_CONVERSION = YES;
				CLANG_WARN_OBJC_IMPLICIT_RETAIN_SELF = YES;
				CLANG_WARN_OBJC_LITERAL_CONVERSION = YES;
				CLANG_WARN_OBJC_ROOT_CLASS = YES_ERROR;
				CLANG_WARN_QUOTED_INCLUDE_IN_FRAMEWORK_HEADER = YES;
				CLANG_WARN_RANGE_LOOP_ANALYSIS = YES;
				CLANG_WARN_STRICT_PROTOTYPES = YES;
				CLANG_WARN_SUSPICIOUS_MOVE = YES;
				CLANG_WARN_UNGUARDED_AVAILABILITY = YES_AGGRESSIVE;
				CLANG_WARN_UNREACHABLE_CODE = YES;
				CLANG_WARN__DUPLICATE_METHOD_MATCH = YES;
				COPY_PHASE_STRIP = NO;
				DEBUG_INFORMATION_FORMAT = dwarf;
				ENABLE_STRICT_OBJC_MSGSEND = YES;
				ENABLE_TESTABILITY = YES;
				GCC_C_LANGUAGE_STANDARD = gnu11;
				GCC_DYNAMIC_NO_PIC = NO;
				GCC_NO_COMMON_BLOCKS = YES;
				GCC_OPTIMIZATION_LEVEL = 0;
				GCC_PREPROCESSOR_DEFINITIONS = (
					"DEBUG=1",
					"$(inherited)",
				);
				GCC_WARN_64_TO_32_BIT_CONVERSION = YES;
				GCC_WARN_ABOUT_RETURN_TYPE = YES_ERROR;
				GCC_WARN_UNDECLARED_SELECTOR = YES;
				GCC_WARN_UNINITIALIZED_AUTOS = YES_AGGRESSIVE;
				GCC_WARN_UNUSED_FUNCTION = YES;
				GCC_WARN_UNUSED_VARIABLE = YES;
				IPHONEOS_DEPLOYMENT_TARGET = 16.2;
				MTL_ENABLE_DEBUG_INFO = INCLUDE_SOURCE;
				MTL_FAST_MATH = YES;
				ONLY_ACTIVE_ARCH = YES;
				SDKROOT = iphoneos;
				SWIFT_ACTIVE_COMPILATION_CONDITIONS = DEBUG;
				SWIFT_OPTIMIZATION_LEVEL = "-Onone";
			};
			name = Debug;
		};
		7553F63229B8CCC400902206 /* Release */ = {
			isa = XCBuildConfiguration;
			buildSettings = {
				ALWAYS_SEARCH_USER_PATHS = NO;
				CLANG_ANALYZER_NONNULL = YES;
				CLANG_ANALYZER_NUMBER_OBJECT_CONVERSION = YES_AGGRESSIVE;
				CLANG_CXX_LANGUAGE_STANDARD = "gnu++20";
				CLANG_ENABLE_MODULES = YES;
				CLANG_ENABLE_OBJC_ARC = YES;
				CLANG_ENABLE_OBJC_WEAK = YES;
				CLANG_WARN_BLOCK_CAPTURE_AUTORELEASING = YES;
				CLANG_WARN_BOOL_CONVERSION = YES;
				CLANG_WARN_COMMA = YES;
				CLANG_WARN_CONSTANT_CONVERSION = YES;
				CLANG_WARN_DEPRECATED_OBJC_IMPLEMENTATIONS = YES;
				CLANG_WARN_DIRECT_OBJC_ISA_USAGE = YES_ERROR;
				CLANG_WARN_DOCUMENTATION_COMMENTS = YES;
				CLANG_WARN_EMPTY_BODY = YES;
				CLANG_WARN_ENUM_CONVERSION = YES;
				CLANG_WARN_INFINITE_RECURSION = YES;
				CLANG_WARN_INT_CONVERSION = YES;
				CLANG_WARN_NON_LITERAL_NULL_CONVERSION = YES;
				CLANG_WARN_OBJC_IMPLICIT_RETAIN_SELF = YES;
				CLANG_WARN_OBJC_LITERAL_CONVERSION = YES;
				CLANG_WARN_OBJC_ROOT_CLASS = YES_ERROR;
				CLANG_WARN_QUOTED_INCLUDE_IN_FRAMEWORK_HEADER = YES;
				CLANG_WARN_RANGE_LOOP_ANALYSIS = YES;
				CLANG_WARN_STRICT_PROTOTYPES = YES;
				CLANG_WARN_SUSPICIOUS_MOVE = YES;
				CLANG_WARN_UNGUARDED_AVAILABILITY = YES_AGGRESSIVE;
				CLANG_WARN_UNREACHABLE_CODE = YES;
				CLANG_WARN__DUPLICATE_METHOD_MATCH = YES;
				COPY_PHASE_STRIP = NO;
				DEBUG_INFORMATION_FORMAT = "dwarf-with-dsym";
				ENABLE_NS_ASSERTIONS = NO;
				ENABLE_STRICT_OBJC_MSGSEND = YES;
				GCC_C_LANGUAGE_STANDARD = gnu11;
				GCC_NO_COMMON_BLOCKS = YES;
				GCC_WARN_64_TO_32_BIT_CONVERSION = YES;
				GCC_WARN_ABOUT_RETURN_TYPE = YES_ERROR;
				GCC_WARN_UNDECLARED_SELECTOR = YES;
				GCC_WARN_UNINITIALIZED_AUTOS = YES_AGGRESSIVE;
				GCC_WARN_UNUSED_FUNCTION = YES;
				GCC_WARN_UNUSED_VARIABLE = YES;
				IPHONEOS_DEPLOYMENT_TARGET = 16.2;
				MTL_ENABLE_DEBUG_INFO = NO;
				MTL_FAST_MATH = YES;
				SDKROOT = iphoneos;
				SWIFT_COMPILATION_MODE = wholemodule;
				SWIFT_OPTIMIZATION_LEVEL = "-O";
				VALIDATE_PRODUCT = YES;
			};
			name = Release;
		};
		7553F63429B8CCC400902206 /* Debug */ = {
			isa = XCBuildConfiguration;
			buildSettings = {
				ASSETCATALOG_COMPILER_APPICON_NAME = AppIcon;
				ASSETCATALOG_COMPILER_GLOBAL_ACCENT_COLOR_NAME = AccentColor;
				CODE_SIGN_STYLE = Automatic;
				CURRENT_PROJECT_VERSION = 1;
				DEVELOPMENT_ASSET_PATHS = "\"Encyclopedie/Preview Content\"";
				DEVELOPMENT_TEAM = 57WR64CG7N;
				ENABLE_PREVIEWS = YES;
				GENERATE_INFOPLIST_FILE = YES;
				INFOPLIST_KEY_UIApplicationSceneManifest_Generation = YES;
				INFOPLIST_KEY_UIApplicationSupportsIndirectInputEvents = YES;
				INFOPLIST_KEY_UILaunchScreen_Generation = YES;
				INFOPLIST_KEY_UISupportedInterfaceOrientations_iPad = "UIInterfaceOrientationPortrait UIInterfaceOrientationPortraitUpsideDown UIInterfaceOrientationLandscapeLeft UIInterfaceOrientationLandscapeRight";
				INFOPLIST_KEY_UISupportedInterfaceOrientations_iPhone = "UIInterfaceOrientationPortrait UIInterfaceOrientationLandscapeLeft UIInterfaceOrientationLandscapeRight";
				LD_RUNPATH_SEARCH_PATHS = (
					"$(inherited)",
					"@executable_path/Frameworks",
				);
				MARKETING_VERSION = 1.0;
				PRODUCT_BUNDLE_IDENTIFIER = com.julieclz.Encyclopedie;
				PRODUCT_NAME = "$(TARGET_NAME)";
				SWIFT_EMIT_LOC_STRINGS = YES;
				SWIFT_VERSION = 5.0;
				TARGETED_DEVICE_FAMILY = "1,2";
			};
			name = Debug;
		};
		7553F63529B8CCC400902206 /* Release */ = {
			isa = XCBuildConfiguration;
			buildSettings = {
				ASSETCATALOG_COMPILER_APPICON_NAME = AppIcon;
				ASSETCATALOG_COMPILER_GLOBAL_ACCENT_COLOR_NAME = AccentColor;
				CODE_SIGN_STYLE = Automatic;
				CURRENT_PROJECT_VERSION = 1;
				DEVELOPMENT_ASSET_PATHS = "\"Encyclopedie/Preview Content\"";
				DEVELOPMENT_TEAM = 57WR64CG7N;
				ENABLE_PREVIEWS = YES;
				GENERATE_INFOPLIST_FILE = YES;
				INFOPLIST_KEY_UIApplicationSceneManifest_Generation = YES;
				INFOPLIST_KEY_UIApplicationSupportsIndirectInputEvents = YES;
				INFOPLIST_KEY_UILaunchScreen_Generation = YES;
				INFOPLIST_KEY_UISupportedInterfaceOrientations_iPad = "UIInterfaceOrientationPortrait UIInterfaceOrientationPortraitUpsideDown UIInterfaceOrientationLandscapeLeft UIInterfaceOrientationLandscapeRight";
				INFOPLIST_KEY_UISupportedInterfaceOrientations_iPhone = "UIInterfaceOrientationPortrait UIInterfaceOrientationLandscapeLeft UIInterfaceOrientationLandscapeRight";
				LD_RUNPATH_SEARCH_PATHS = (
					"$(inherited)",
					"@executable_path/Frameworks",
				);
				MARKETING_VERSION = 1.0;
				PRODUCT_BUNDLE_IDENTIFIER = com.julieclz.Encyclopedie;
				PRODUCT_NAME = "$(TARGET_NAME)";
				SWIFT_EMIT_LOC_STRINGS = YES;
				SWIFT_VERSION = 5.0;
				TARGETED_DEVICE_FAMILY = "1,2";
			};
			name = Release;
		};
/* End XCBuildConfiguration section */

/* Begin XCConfigurationList section */
		7553F62029B8CCC300902206 /* Build configuration list for PBXProject "Encyclopedie" */ = {
			isa = XCConfigurationList;
			buildConfigurations = (
				7553F63129B8CCC400902206 /* Debug */,
				7553F63229B8CCC400902206 /* Release */,
			);
			defaultConfigurationIsVisible = 0;
			defaultConfigurationName = Release;
		};
		7553F63329B8CCC400902206 /* Build configuration list for PBXNativeTarget "Encyclopedie" */ = {
			isa = XCConfigurationList;
			buildConfigurations = (
				7553F63429B8CCC400902206 /* Debug */,
				7553F63529B8CCC400902206 /* Release */,
			);
			defaultConfigurationIsVisible = 0;
			defaultConfigurationName = Release;
		};
/* End XCConfigurationList section */
	};
	rootObject = 7553F61D29B8CCC300902206 /* Project object */;
}
